// !$*UTF8*$!
{
	archiveVersion = 1;
	classes = {
	};
	objectVersion = 56;
	objects = {

/* Begin PBXBuildFile section */
		5E83F47429DEB4C000281BE0 /* AppDelegate.swift in Sources */ = {isa = PBXBuildFile; fileRef = 5E83F47329DEB4C000281BE0 /* AppDelegate.swift */; };
		5E83F47629DEB4C000281BE0 /* SceneDelegate.swift in Sources */ = {isa = PBXBuildFile; fileRef = 5E83F47529DEB4C000281BE0 /* SceneDelegate.swift */; };
		5E83F47D29DEB4C200281BE0 /* Assets.xcassets in Resources */ = {isa = PBXBuildFile; fileRef = 5E83F47C29DEB4C200281BE0 /* Assets.xcassets */; };
		5E83F48029DEB4C200281BE0 /* LaunchScreen.storyboard in Resources */ = {isa = PBXBuildFile; fileRef = 5E83F47E29DEB4C200281BE0 /* LaunchScreen.storyboard */; };
		5E83F48A29DEB55C00281BE0 /* Authorization.storyboard in Resources */ = {isa = PBXBuildFile; fileRef = 5E83F48929DEB55C00281BE0 /* Authorization.storyboard */; };
		5E83F49729DEB6EB00281BE0 /* Coordinator.swift in Sources */ = {isa = PBXBuildFile; fileRef = 5E83F49629DEB6EB00281BE0 /* Coordinator.swift */; };
		5E83F49929DEB8E300281BE0 /* Tabbar.storyboard in Resources */ = {isa = PBXBuildFile; fileRef = 5E83F49829DEB8E300281BE0 /* Tabbar.storyboard */; };
		5E83F49D29DEBA9900281BE0 /* TabBarController.swift in Sources */ = {isa = PBXBuildFile; fileRef = 5E83F49C29DEBA9900281BE0 /* TabBarController.swift */; };
		5E83F49F29DEBAAE00281BE0 /* TabBarCoordinator.swift in Sources */ = {isa = PBXBuildFile; fileRef = 5E83F49E29DEBAAE00281BE0 /* TabBarCoordinator.swift */; };
		5E83F4A129DEBAD000281BE0 /* AppCoordinator.swift in Sources */ = {isa = PBXBuildFile; fileRef = 5E83F4A029DEBAD000281BE0 /* AppCoordinator.swift */; };
		5E83F4A429DEBC4C00281BE0 /* Movies.storyboard in Resources */ = {isa = PBXBuildFile; fileRef = 5E83F4A329DEBC4C00281BE0 /* Movies.storyboard */; };
		5E83F4A829DEBE9900281BE0 /* MoviesListViewController.swift in Sources */ = {isa = PBXBuildFile; fileRef = 5E83F4A729DEBE9900281BE0 /* MoviesListViewController.swift */; };
		5E83F4AA29DEBEF300281BE0 /* BaseViewController.swift in Sources */ = {isa = PBXBuildFile; fileRef = 5E83F4A929DEBEF300281BE0 /* BaseViewController.swift */; };
		5E83F4AD29DEBF2400281BE0 /* CoordinableView.swift in Sources */ = {isa = PBXBuildFile; fileRef = 5E83F4AC29DEBF2400281BE0 /* CoordinableView.swift */; };
		5E83F4AF29DEBF9600281BE0 /* RootCoordinableViewController.swift in Sources */ = {isa = PBXBuildFile; fileRef = 5E83F4AE29DEBF9600281BE0 /* RootCoordinableViewController.swift */; };
		5E83F4B129DEC02200281BE0 /* MoviesCoordinator.swift in Sources */ = {isa = PBXBuildFile; fileRef = 5E83F4B029DEC02200281BE0 /* MoviesCoordinator.swift */; };
		5E83F4B329DEC2DF00281BE0 /* AuthorizationCoordinator.swift in Sources */ = {isa = PBXBuildFile; fileRef = 5E83F4B229DEC2DF00281BE0 /* AuthorizationCoordinator.swift */; };
		5E83F4B529DEC35900281BE0 /* LoginViewController.swift in Sources */ = {isa = PBXBuildFile; fileRef = 5E83F4B429DEC35900281BE0 /* LoginViewController.swift */; };
		5E83F4B729DEC8DA00281BE0 /* TVShows.storyboard in Resources */ = {isa = PBXBuildFile; fileRef = 5E83F4B629DEC8DA00281BE0 /* TVShows.storyboard */; };
		5E83F4B929DEC90C00281BE0 /* NetworkService.swift in Sources */ = {isa = PBXBuildFile; fileRef = 5E83F4B829DEC90C00281BE0 /* NetworkService.swift */; };
		5E83F4BB29DEC93000281BE0 /* DatabaseService.swift in Sources */ = {isa = PBXBuildFile; fileRef = 5E83F4BA29DEC93000281BE0 /* DatabaseService.swift */; };
/* End PBXBuildFile section */

/* Begin PBXFileReference section */
		5E83F47029DEB4C000281BE0 /* tmdb-app.app */ = {isa = PBXFileReference; explicitFileType = wrapper.application; includeInIndex = 0; path = "tmdb-app.app"; sourceTree = BUILT_PRODUCTS_DIR; };
		5E83F47329DEB4C000281BE0 /* AppDelegate.swift */ = {isa = PBXFileReference; lastKnownFileType = sourcecode.swift; path = AppDelegate.swift; sourceTree = "<group>"; };
		5E83F47529DEB4C000281BE0 /* SceneDelegate.swift */ = {isa = PBXFileReference; lastKnownFileType = sourcecode.swift; path = SceneDelegate.swift; sourceTree = "<group>"; };
		5E83F47C29DEB4C200281BE0 /* Assets.xcassets */ = {isa = PBXFileReference; lastKnownFileType = folder.assetcatalog; path = Assets.xcassets; sourceTree = "<group>"; };
		5E83F47F29DEB4C200281BE0 /* Base */ = {isa = PBXFileReference; lastKnownFileType = file.storyboard; name = Base; path = Base.lproj/LaunchScreen.storyboard; sourceTree = "<group>"; };
		5E83F48129DEB4C200281BE0 /* Info.plist */ = {isa = PBXFileReference; lastKnownFileType = text.plist.xml; path = Info.plist; sourceTree = "<group>"; };
		5E83F48929DEB55C00281BE0 /* Authorization.storyboard */ = {isa = PBXFileReference; lastKnownFileType = file.storyboard; path = Authorization.storyboard; sourceTree = "<group>"; };
		5E83F49629DEB6EB00281BE0 /* Coordinator.swift */ = {isa = PBXFileReference; lastKnownFileType = sourcecode.swift; path = Coordinator.swift; sourceTree = "<group>"; };
		5E83F49829DEB8E300281BE0 /* Tabbar.storyboard */ = {isa = PBXFileReference; lastKnownFileType = file.storyboard; path = Tabbar.storyboard; sourceTree = "<group>"; };
		5E83F49C29DEBA9900281BE0 /* TabBarController.swift */ = {isa = PBXFileReference; lastKnownFileType = sourcecode.swift; path = TabBarController.swift; sourceTree = "<group>"; };
		5E83F49E29DEBAAE00281BE0 /* TabBarCoordinator.swift */ = {isa = PBXFileReference; lastKnownFileType = sourcecode.swift; path = TabBarCoordinator.swift; sourceTree = "<group>"; };
		5E83F4A029DEBAD000281BE0 /* AppCoordinator.swift */ = {isa = PBXFileReference; lastKnownFileType = sourcecode.swift; path = AppCoordinator.swift; sourceTree = "<group>"; };
		5E83F4A329DEBC4C00281BE0 /* Movies.storyboard */ = {isa = PBXFileReference; lastKnownFileType = file.storyboard; path = Movies.storyboard; sourceTree = "<group>"; };
		5E83F4A729DEBE9900281BE0 /* MoviesListViewController.swift */ = {isa = PBXFileReference; lastKnownFileType = sourcecode.swift; path = MoviesListViewController.swift; sourceTree = "<group>"; };
		5E83F4A929DEBEF300281BE0 /* BaseViewController.swift */ = {isa = PBXFileReference; lastKnownFileType = sourcecode.swift; path = BaseViewController.swift; sourceTree = "<group>"; };
		5E83F4AC29DEBF2400281BE0 /* CoordinableView.swift */ = {isa = PBXFileReference; lastKnownFileType = sourcecode.swift; path = CoordinableView.swift; sourceTree = "<group>"; };
		5E83F4AE29DEBF9600281BE0 /* RootCoordinableViewController.swift */ = {isa = PBXFileReference; lastKnownFileType = sourcecode.swift; path = RootCoordinableViewController.swift; sourceTree = "<group>"; };
		5E83F4B029DEC02200281BE0 /* MoviesCoordinator.swift */ = {isa = PBXFileReference; lastKnownFileType = sourcecode.swift; path = MoviesCoordinator.swift; sourceTree = "<group>"; };
		5E83F4B229DEC2DF00281BE0 /* AuthorizationCoordinator.swift */ = {isa = PBXFileReference; lastKnownFileType = sourcecode.swift; path = AuthorizationCoordinator.swift; sourceTree = "<group>"; };
		5E83F4B429DEC35900281BE0 /* LoginViewController.swift */ = {isa = PBXFileReference; lastKnownFileType = sourcecode.swift; path = LoginViewController.swift; sourceTree = "<group>"; };
		5E83F4B629DEC8DA00281BE0 /* TVShows.storyboard */ = {isa = PBXFileReference; lastKnownFileType = file.storyboard; path = TVShows.storyboard; sourceTree = "<group>"; };
		5E83F4B829DEC90C00281BE0 /* NetworkService.swift */ = {isa = PBXFileReference; lastKnownFileType = sourcecode.swift; path = NetworkService.swift; sourceTree = "<group>"; };
		5E83F4BA29DEC93000281BE0 /* DatabaseService.swift */ = {isa = PBXFileReference; lastKnownFileType = sourcecode.swift; path = DatabaseService.swift; sourceTree = "<group>"; };
/* End PBXFileReference section */

/* Begin PBXFrameworksBuildPhase section */
		5E83F46D29DEB4C000281BE0 /* Frameworks */ = {
			isa = PBXFrameworksBuildPhase;
			buildActionMask = 2147483647;
			files = (
			);
			runOnlyForDeploymentPostprocessing = 0;
		};
/* End PBXFrameworksBuildPhase section */

/* Begin PBXGroup section */
		5E83F46729DEB4C000281BE0 = {
			isa = PBXGroup;
			children = (
				5E83F47229DEB4C000281BE0 /* tmdb-app */,
				5E83F47129DEB4C000281BE0 /* Products */,
			);
			sourceTree = "<group>";
		};
		5E83F47129DEB4C000281BE0 /* Products */ = {
			isa = PBXGroup;
			children = (
				5E83F47029DEB4C000281BE0 /* tmdb-app.app */,
			);
			name = Products;
			sourceTree = "<group>";
		};
		5E83F47229DEB4C000281BE0 /* tmdb-app */ = {
			isa = PBXGroup;
			children = (
				5E83F47329DEB4C000281BE0 /* AppDelegate.swift */,
				5E83F4A029DEBAD000281BE0 /* AppCoordinator.swift */,
				5E83F47529DEB4C000281BE0 /* SceneDelegate.swift */,
				5E83F48729DEB51B00281BE0 /* UI */,
				5E83F49229DEB65F00281BE0 /* Networking */,
				5E83F49429DEB69000281BE0 /* Storage */,
				5E83F49529DEB6CE00281BE0 /* Features */,
				5E83F47C29DEB4C200281BE0 /* Assets.xcassets */,
				5E83F47E29DEB4C200281BE0 /* LaunchScreen.storyboard */,
				5E83F48129DEB4C200281BE0 /* Info.plist */,
			);
			path = "tmdb-app";
			sourceTree = "<group>";
		};
		5E83F48729DEB51B00281BE0 /* UI */ = {
			isa = PBXGroup;
			children = (
				5E83F48F29DEB5F500281BE0 /* Base */,
				5E83F49129DEB61100281BE0 /* TVShows */,
				5E83F49029DEB60700281BE0 /* Movies */,
				5E83F48E29DEB5EC00281BE0 /* Tabbar */,
				5E83F48829DEB54700281BE0 /* Authorization */,
			);
			path = UI;
			sourceTree = "<group>";
		};
		5E83F48829DEB54700281BE0 /* Authorization */ = {
			isa = PBXGroup;
			children = (
				5E83F48D29DEB5B000281BE0 /* View */,
				5E83F48B29DEB58C00281BE0 /* Coordinator */,
				5E83F48929DEB55C00281BE0 /* Authorization.storyboard */,
			);
			path = Authorization;
			sourceTree = "<group>";
		};
		5E83F48B29DEB58C00281BE0 /* Coordinator */ = {
			isa = PBXGroup;
			children = (
				5E83F4B229DEC2DF00281BE0 /* AuthorizationCoordinator.swift */,
			);
			path = Coordinator;
			sourceTree = "<group>";
		};
		5E83F48D29DEB5B000281BE0 /* View */ = {
			isa = PBXGroup;
			children = (
				5E83F4B429DEC35900281BE0 /* LoginViewController.swift */,
			);
			path = View;
			sourceTree = "<group>";
		};
		5E83F48E29DEB5EC00281BE0 /* Tabbar */ = {
			isa = PBXGroup;
			children = (
				5E83F49B29DEB90100281BE0 /* View */,
				5E83F49A29DEB8EA00281BE0 /* Coordinator */,
				5E83F49829DEB8E300281BE0 /* Tabbar.storyboard */,
			);
			path = Tabbar;
			sourceTree = "<group>";
		};
		5E83F48F29DEB5F500281BE0 /* Base */ = {
			isa = PBXGroup;
			children = (
				5E83F4A929DEBEF300281BE0 /* BaseViewController.swift */,
				5E83F4AE29DEBF9600281BE0 /* RootCoordinableViewController.swift */,
			);
			path = Base;
			sourceTree = "<group>";
		};
		5E83F49029DEB60700281BE0 /* Movies */ = {
			isa = PBXGroup;
			children = (
				5E83F4A529DEBC7500281BE0 /* Coordinator */,
				5E83F4A229DEBC3B00281BE0 /* View */,
				5E83F4A329DEBC4C00281BE0 /* Movies.storyboard */,
			);
			path = Movies;
			sourceTree = "<group>";
		};
		5E83F49129DEB61100281BE0 /* TVShows */ = {
			isa = PBXGroup;
			children = (
				5E83F4B629DEC8DA00281BE0 /* TVShows.storyboard */,
			);
			path = TVShows;
			sourceTree = "<group>";
		};
		5E83F49229DEB65F00281BE0 /* Networking */ = {
			isa = PBXGroup;
			children = (
				5E83F4B829DEC90C00281BE0 /* NetworkService.swift */,
			);
			path = Networking;
			sourceTree = "<group>";
		};
		5E83F49429DEB69000281BE0 /* Storage */ = {
			isa = PBXGroup;
			children = (
				5E83F4BA29DEC93000281BE0 /* DatabaseService.swift */,
			);
			path = Storage;
			sourceTree = "<group>";
		};
		5E83F49529DEB6CE00281BE0 /* Features */ = {
			isa = PBXGroup;
			children = (
				5E83F4AB29DEBF0B00281BE0 /* Coordinator */,
			);
			path = Features;
			sourceTree = "<group>";
		};
		5E83F49A29DEB8EA00281BE0 /* Coordinator */ = {
			isa = PBXGroup;
			children = (
				5E83F49E29DEBAAE00281BE0 /* TabBarCoordinator.swift */,
			);
			path = Coordinator;
			sourceTree = "<group>";
		};
		5E83F49B29DEB90100281BE0 /* View */ = {
			isa = PBXGroup;
			children = (
				5E83F49C29DEBA9900281BE0 /* TabBarController.swift */,
			);
			path = View;
			sourceTree = "<group>";
		};
		5E83F4A229DEBC3B00281BE0 /* View */ = {
			isa = PBXGroup;
			children = (
				5E83F4A729DEBE9900281BE0 /* MoviesListViewController.swift */,
			);
			path = View;
			sourceTree = "<group>";
		};
		5E83F4A529DEBC7500281BE0 /* Coordinator */ = {
			isa = PBXGroup;
			children = (
				5E83F4B029DEC02200281BE0 /* MoviesCoordinator.swift */,
			);
			path = Coordinator;
			sourceTree = "<group>";
		};
		5E83F4AB29DEBF0B00281BE0 /* Coordinator */ = {
			isa = PBXGroup;
			children = (
				5E83F49629DEB6EB00281BE0 /* Coordinator.swift */,
				5E83F4AC29DEBF2400281BE0 /* CoordinableView.swift */,
			);
			path = Coordinator;
			sourceTree = "<group>";
		};
/* End PBXGroup section */

/* Begin PBXNativeTarget section */
		5E83F46F29DEB4C000281BE0 /* tmdb-app */ = {
			isa = PBXNativeTarget;
			buildConfigurationList = 5E83F48429DEB4C200281BE0 /* Build configuration list for PBXNativeTarget "tmdb-app" */;
			buildPhases = (
				5E83F46C29DEB4C000281BE0 /* Sources */,
				5E83F46D29DEB4C000281BE0 /* Frameworks */,
				5E83F46E29DEB4C000281BE0 /* Resources */,
			);
			buildRules = (
			);
			dependencies = (
			);
			name = "tmdb-app";
			productName = "tmdb-app";
			productReference = 5E83F47029DEB4C000281BE0 /* tmdb-app.app */;
			productType = "com.apple.product-type.application";
		};
/* End PBXNativeTarget section */

/* Begin PBXProject section */
		5E83F46829DEB4C000281BE0 /* Project object */ = {
			isa = PBXProject;
			attributes = {
				BuildIndependentTargetsInParallel = 1;
				LastSwiftUpdateCheck = 1420;
				LastUpgradeCheck = 1420;
				TargetAttributes = {
					5E83F46F29DEB4C000281BE0 = {
						CreatedOnToolsVersion = 14.2;
					};
				};
			};
			buildConfigurationList = 5E83F46B29DEB4C000281BE0 /* Build configuration list for PBXProject "tmdb-app" */;
			compatibilityVersion = "Xcode 14.0";
			developmentRegion = en;
			hasScannedForEncodings = 0;
			knownRegions = (
				en,
				Base,
			);
			mainGroup = 5E83F46729DEB4C000281BE0;
			productRefGroup = 5E83F47129DEB4C000281BE0 /* Products */;
			projectDirPath = "";
			projectRoot = "";
			targets = (
				5E83F46F29DEB4C000281BE0 /* tmdb-app */,
			);
		};
/* End PBXProject section */

/* Begin PBXResourcesBuildPhase section */
		5E83F46E29DEB4C000281BE0 /* Resources */ = {
			isa = PBXResourcesBuildPhase;
			buildActionMask = 2147483647;
			files = (
				5E83F49929DEB8E300281BE0 /* Tabbar.storyboard in Resources */,
				5E83F4A429DEBC4C00281BE0 /* Movies.storyboard in Resources */,
				5E83F48A29DEB55C00281BE0 /* Authorization.storyboard in Resources */,
				5E83F4B729DEC8DA00281BE0 /* TVShows.storyboard in Resources */,
				5E83F48029DEB4C200281BE0 /* LaunchScreen.storyboard in Resources */,
				5E83F47D29DEB4C200281BE0 /* Assets.xcassets in Resources */,
			);
			runOnlyForDeploymentPostprocessing = 0;
		};
/* End PBXResourcesBuildPhase section */

/* Begin PBXSourcesBuildPhase section */
		5E83F46C29DEB4C000281BE0 /* Sources */ = {
			isa = PBXSourcesBuildPhase;
			buildActionMask = 2147483647;
			files = (
				5E83F49729DEB6EB00281BE0 /* Coordinator.swift in Sources */,
				5E83F49F29DEBAAE00281BE0 /* TabBarCoordinator.swift in Sources */,
				5E83F4AF29DEBF9600281BE0 /* RootCoordinableViewController.swift in Sources */,
				5E83F47429DEB4C000281BE0 /* AppDelegate.swift in Sources */,
				5E83F49D29DEBA9900281BE0 /* TabBarController.swift in Sources */,
				5E83F4AA29DEBEF300281BE0 /* BaseViewController.swift in Sources */,
				5E83F4BB29DEC93000281BE0 /* DatabaseService.swift in Sources */,
				5E83F4B929DEC90C00281BE0 /* NetworkService.swift in Sources */,
				5E83F47629DEB4C000281BE0 /* SceneDelegate.swift in Sources */,
				5E83F4AD29DEBF2400281BE0 /* CoordinableView.swift in Sources */,
				5E83F4B129DEC02200281BE0 /* MoviesCoordinator.swift in Sources */,
				5E83F4A129DEBAD000281BE0 /* AppCoordinator.swift in Sources */,
				5E83F4B329DEC2DF00281BE0 /* AuthorizationCoordinator.swift in Sources */,
				5E83F4B529DEC35900281BE0 /* LoginViewController.swift in Sources */,
				5E83F4A829DEBE9900281BE0 /* MoviesListViewController.swift in Sources */,
			);
			runOnlyForDeploymentPostprocessing = 0;
		};
/* End PBXSourcesBuildPhase section */

/* Begin PBXVariantGroup section */
		5E83F47E29DEB4C200281BE0 /* LaunchScreen.storyboard */ = {
			isa = PBXVariantGroup;
			children = (
				5E83F47F29DEB4C200281BE0 /* Base */,
			);
			name = LaunchScreen.storyboard;
			sourceTree = "<group>";
		};
/* End PBXVariantGroup section */

/* Begin XCBuildConfiguration section */
		5E83F48229DEB4C200281BE0 /* Debug */ = {
			isa = XCBuildConfiguration;
			buildSettings = {
				ALWAYS_SEARCH_USER_PATHS = NO;
				CLANG_ANALYZER_NONNULL = YES;
				CLANG_ANALYZER_NUMBER_OBJECT_CONVERSION = YES_AGGRESSIVE;
				CLANG_CXX_LANGUAGE_STANDARD = "gnu++20";
				CLANG_ENABLE_MODULES = YES;
				CLANG_ENABLE_OBJC_ARC = YES;
				CLANG_ENABLE_OBJC_WEAK = YES;
				CLANG_WARN_BLOCK_CAPTURE_AUTORELEASING = YES;
				CLANG_WARN_BOOL_CONVERSION = YES;
				CLANG_WARN_COMMA = YES;
				CLANG_WARN_CONSTANT_CONVERSION = YES;
				CLANG_WARN_DEPRECATED_OBJC_IMPLEMENTATIONS = YES;
				CLANG_WARN_DIRECT_OBJC_ISA_USAGE = YES_ERROR;
				CLANG_WARN_DOCUMENTATION_COMMENTS = YES;
				CLANG_WARN_EMPTY_BODY = YES;
				CLANG_WARN_ENUM_CONVERSION = YES;
				CLANG_WARN_INFINITE_RECURSION = YES;
				CLANG_WARN_INT_CONVERSION = YES;
				CLANG_WARN_NON_LITERAL_NULL_CONVERSION = YES;
				CLANG_WARN_OBJC_IMPLICIT_RETAIN_SELF = YES;
				CLANG_WARN_OBJC_LITERAL_CONVERSION = YES;
				CLANG_WARN_OBJC_ROOT_CLASS = YES_ERROR;
				CLANG_WARN_QUOTED_INCLUDE_IN_FRAMEWORK_HEADER = YES;
				CLANG_WARN_RANGE_LOOP_ANALYSIS = YES;
				CLANG_WARN_STRICT_PROTOTYPES = YES;
				CLANG_WARN_SUSPICIOUS_MOVE = YES;
				CLANG_WARN_UNGUARDED_AVAILABILITY = YES_AGGRESSIVE;
				CLANG_WARN_UNREACHABLE_CODE = YES;
				CLANG_WARN__DUPLICATE_METHOD_MATCH = YES;
				COPY_PHASE_STRIP = NO;
				DEBUG_INFORMATION_FORMAT = dwarf;
				ENABLE_STRICT_OBJC_MSGSEND = YES;
				ENABLE_TESTABILITY = YES;
				GCC_C_LANGUAGE_STANDARD = gnu11;
				GCC_DYNAMIC_NO_PIC = NO;
				GCC_NO_COMMON_BLOCKS = YES;
				GCC_OPTIMIZATION_LEVEL = 0;
				GCC_PREPROCESSOR_DEFINITIONS = (
					"DEBUG=1",
					"$(inherited)",
				);
				GCC_WARN_64_TO_32_BIT_CONVERSION = YES;
				GCC_WARN_ABOUT_RETURN_TYPE = YES_ERROR;
				GCC_WARN_UNDECLARED_SELECTOR = YES;
				GCC_WARN_UNINITIALIZED_AUTOS = YES_AGGRESSIVE;
				GCC_WARN_UNUSED_FUNCTION = YES;
				GCC_WARN_UNUSED_VARIABLE = YES;
				IPHONEOS_DEPLOYMENT_TARGET = 16.2;
				MTL_ENABLE_DEBUG_INFO = INCLUDE_SOURCE;
				MTL_FAST_MATH = YES;
				ONLY_ACTIVE_ARCH = YES;
				SDKROOT = iphoneos;
				SWIFT_ACTIVE_COMPILATION_CONDITIONS = DEBUG;
				SWIFT_OPTIMIZATION_LEVEL = "-Onone";
			};
			name = Debug;
		};
		5E83F48329DEB4C200281BE0 /* Release */ = {
			isa = XCBuildConfiguration;
			buildSettings = {
				ALWAYS_SEARCH_USER_PATHS = NO;
				CLANG_ANALYZER_NONNULL = YES;
				CLANG_ANALYZER_NUMBER_OBJECT_CONVERSION = YES_AGGRESSIVE;
				CLANG_CXX_LANGUAGE_STANDARD = "gnu++20";
				CLANG_ENABLE_MODULES = YES;
				CLANG_ENABLE_OBJC_ARC = YES;
				CLANG_ENABLE_OBJC_WEAK = YES;
				CLANG_WARN_BLOCK_CAPTURE_AUTORELEASING = YES;
				CLANG_WARN_BOOL_CONVERSION = YES;
				CLANG_WARN_COMMA = YES;
				CLANG_WARN_CONSTANT_CONVERSION = YES;
				CLANG_WARN_DEPRECATED_OBJC_IMPLEMENTATIONS = YES;
				CLANG_WARN_DIRECT_OBJC_ISA_USAGE = YES_ERROR;
				CLANG_WARN_DOCUMENTATION_COMMENTS = YES;
				CLANG_WARN_EMPTY_BODY = YES;
				CLANG_WARN_ENUM_CONVERSION = YES;
				CLANG_WARN_INFINITE_RECURSION = YES;
				CLANG_WARN_INT_CONVERSION = YES;
				CLANG_WARN_NON_LITERAL_NULL_CONVERSION = YES;
				CLANG_WARN_OBJC_IMPLICIT_RETAIN_SELF = YES;
				CLANG_WARN_OBJC_LITERAL_CONVERSION = YES;
				CLANG_WARN_OBJC_ROOT_CLASS = YES_ERROR;
				CLANG_WARN_QUOTED_INCLUDE_IN_FRAMEWORK_HEADER = YES;
				CLANG_WARN_RANGE_LOOP_ANALYSIS = YES;
				CLANG_WARN_STRICT_PROTOTYPES = YES;
				CLANG_WARN_SUSPICIOUS_MOVE = YES;
				CLANG_WARN_UNGUARDED_AVAILABILITY = YES_AGGRESSIVE;
				CLANG_WARN_UNREACHABLE_CODE = YES;
				CLANG_WARN__DUPLICATE_METHOD_MATCH = YES;
				COPY_PHASE_STRIP = NO;
				DEBUG_INFORMATION_FORMAT = "dwarf-with-dsym";
				ENABLE_NS_ASSERTIONS = NO;
				ENABLE_STRICT_OBJC_MSGSEND = YES;
				GCC_C_LANGUAGE_STANDARD = gnu11;
				GCC_NO_COMMON_BLOCKS = YES;
				GCC_WARN_64_TO_32_BIT_CONVERSION = YES;
				GCC_WARN_ABOUT_RETURN_TYPE = YES_ERROR;
				GCC_WARN_UNDECLARED_SELECTOR = YES;
				GCC_WARN_UNINITIALIZED_AUTOS = YES_AGGRESSIVE;
				GCC_WARN_UNUSED_FUNCTION = YES;
				GCC_WARN_UNUSED_VARIABLE = YES;
				IPHONEOS_DEPLOYMENT_TARGET = 16.2;
				MTL_ENABLE_DEBUG_INFO = NO;
				MTL_FAST_MATH = YES;
				SDKROOT = iphoneos;
				SWIFT_COMPILATION_MODE = wholemodule;
				SWIFT_OPTIMIZATION_LEVEL = "-O";
				VALIDATE_PRODUCT = YES;
			};
			name = Release;
		};
		5E83F48529DEB4C200281BE0 /* Debug */ = {
			isa = XCBuildConfiguration;
			buildSettings = {
				ASSETCATALOG_COMPILER_APPICON_NAME = AppIcon;
				ASSETCATALOG_COMPILER_GLOBAL_ACCENT_COLOR_NAME = AccentColor;
				CODE_SIGN_STYLE = Automatic;
				CURRENT_PROJECT_VERSION = 1;
				DEVELOPMENT_TEAM = T7NRP57MY6;
				GENERATE_INFOPLIST_FILE = YES;
				INFOPLIST_FILE = "tmdb-app/Info.plist";
				INFOPLIST_KEY_UIApplicationSupportsIndirectInputEvents = YES;
				INFOPLIST_KEY_UILaunchStoryboardName = LaunchScreen;
				INFOPLIST_KEY_UIMainStoryboardFile = Main;
				INFOPLIST_KEY_UISupportedInterfaceOrientations_iPad = "UIInterfaceOrientationPortrait UIInterfaceOrientationPortraitUpsideDown UIInterfaceOrientationLandscapeLeft UIInterfaceOrientationLandscapeRight";
				INFOPLIST_KEY_UISupportedInterfaceOrientations_iPhone = "UIInterfaceOrientationPortrait UIInterfaceOrientationLandscapeLeft UIInterfaceOrientationLandscapeRight";
				IPHONEOS_DEPLOYMENT_TARGET = 16.0;
				LD_RUNPATH_SEARCH_PATHS = (
					"$(inherited)",
					"@executable_path/Frameworks",
				);
				MARKETING_VERSION = 1.0;
				PRODUCT_BUNDLE_IDENTIFIER = "gf.tmdb-app";
				PRODUCT_NAME = "$(TARGET_NAME)";
				SWIFT_EMIT_LOC_STRINGS = YES;
				SWIFT_VERSION = 5.0;
				TARGETED_DEVICE_FAMILY = "1,2";
			};
			name = Debug;
		};
		5E83F48629DEB4C200281BE0 /* Release */ = {
			isa = XCBuildConfiguration;
			buildSettings = {
				ASSETCATALOG_COMPILER_APPICON_NAME = AppIcon;
				ASSETCATALOG_COMPILER_GLOBAL_ACCENT_COLOR_NAME = AccentColor;
				CODE_SIGN_STYLE = Automatic;
				CURRENT_PROJECT_VERSION = 1;
				DEVELOPMENT_TEAM = T7NRP57MY6;
				GENERATE_INFOPLIST_FILE = YES;
				INFOPLIST_FILE = "tmdb-app/Info.plist";
				INFOPLIST_KEY_UIApplicationSupportsIndirectInputEvents = YES;
				INFOPLIST_KEY_UILaunchStoryboardName = LaunchScreen;
				INFOPLIST_KEY_UIMainStoryboardFile = Main;
				INFOPLIST_KEY_UISupportedInterfaceOrientations_iPad = "UIInterfaceOrientationPortrait UIInterfaceOrientationPortraitUpsideDown UIInterfaceOrientationLandscapeLeft UIInterfaceOrientationLandscapeRight";
				INFOPLIST_KEY_UISupportedInterfaceOrientations_iPhone = "UIInterfaceOrientationPortrait UIInterfaceOrientationLandscapeLeft UIInterfaceOrientationLandscapeRight";
				IPHONEOS_DEPLOYMENT_TARGET = 16.0;
				LD_RUNPATH_SEARCH_PATHS = (
					"$(inherited)",
					"@executable_path/Frameworks",
				);
				MARKETING_VERSION = 1.0;
				PRODUCT_BUNDLE_IDENTIFIER = "gf.tmdb-app";
				PRODUCT_NAME = "$(TARGET_NAME)";
				SWIFT_EMIT_LOC_STRINGS = YES;
				SWIFT_VERSION = 5.0;
				TARGETED_DEVICE_FAMILY = "1,2";
			};
			name = Release;
		};
/* End XCBuildConfiguration section */

/* Begin XCConfigurationList section */
		5E83F46B29DEB4C000281BE0 /* Build configuration list for PBXProject "tmdb-app" */ = {
			isa = XCConfigurationList;
			buildConfigurations = (
				5E83F48229DEB4C200281BE0 /* Debug */,
				5E83F48329DEB4C200281BE0 /* Release */,
			);
			defaultConfigurationIsVisible = 0;
			defaultConfigurationName = Release;
		};
		5E83F48429DEB4C200281BE0 /* Build configuration list for PBXNativeTarget "tmdb-app" */ = {
			isa = XCConfigurationList;
			buildConfigurations = (
				5E83F48529DEB4C200281BE0 /* Debug */,
				5E83F48629DEB4C200281BE0 /* Release */,
			);
			defaultConfigurationIsVisible = 0;
			defaultConfigurationName = Release;
		};
/* End XCConfigurationList section */
	};
	rootObject = 5E83F46829DEB4C000281BE0 /* Project object */;
}
